github.com/gomarkdown/markdown v0.0.0-20200127000047-1813ea067497 h1:wJkj+x9gPYlDyM34C6r3SXPs270coWeh85wu1CsusDo=
github.com/gomarkdown/markdown v0.0.0-20200127000047-1813ea067497/go.mod h1:aii0r/K0ZnHv7G0KF7xy1v0A7s2Ljrb5byB7MO5p6TU=
github.com/sabhiram/go-gitignore v0.0.0-20180611051255-d3107576ba94 h1:G04eS0JkAIVZfaJLjla9dNxkJCPiKIGZlw9AfOhzOD0=
github.com/sabhiram/go-gitignore v0.0.0-20180611051255-d3107576ba94/go.mod h1:b18R55ulyQ/h3RaWyloPyER7fWQVZvimKKhnI5OfrJQ=
github.com/shurcooL/sanitized_anchor_name v1.0.0 h1:PdmoCO6wvbs+7yrJyMORt4/BmY5IYyJwS/kOiWx8mHo=
github.com/shurcooL/sanitized_anchor_name v1.0.0/go.mod h1:1NzhyTcUVG4SuEtjjoZeVRXNmyL/1OwPU0+IJeTBvfc=
golang.org/dl v0.0.0-20190829154251-82a15e2f2ead/go.mod h1:IUMfjQLJQd4UTqG1Z90tenwKoCX93Gn3MAQJMOSBsDQ=
gopkg.in/russross/blackfriday.v2 v2.0.0 h1:+FlnIV8DSQnT7NZ43hcVKcdJdzZoeCmJj4Ql8gq5keA=
gopkg.in/russross/blackfriday.v2 v2.0.0/go.mod h1:6sSBNz/GtOm/pJTuh5UmBK2ZHfmnxGbl2NZg1UliSOI=
